
Microsoft Visual Studio Solution File, Format Version 12.00
# Visual Studio 2012
Project("{8BC9CEB8-8B4A-11D0-8D11-00A0C91BC942}") = "arpspoof", "arpspoof.vcxproj", "{164E9CDD-04CF-4CEB-BF7C-7E5F4CCD6EA7}"
EndProject
Global
	GlobalSection(SolutionConfigurationPlatforms) = preSolution
		Debug|Win32 = Debug|Win32
		Release|Win32 = Release|Win32
	EndGlobalSection
	GlobalSection(ProjectConfigurationPlatforms) = postSolution
		{164E9CDD-04CF-4CEB-BF7C-7E5F4CCD6EA7}.Debug|Win32.ActiveCfg = Debug|Win32
		{164E9CDD-04CF-4CEB-BF7C-7E5F4CCD6EA7}.Debug|Win32.Build.0 = Debug|Win32
		{164E9CDD-04CF-4CEB-BF7C-7E5F4CCD6EA7}.Debug|Win32.Deploy.0 = Debug|Win32
		{164E9CDD-04CF-4CEB-BF7C-7E5F4CCD6EA7}.Release|Win32.ActiveCfg = Release|Win32
		{164E9CDD-04CF-4CEB-BF7C-7E5F4CCD6EA7}.Release|Win32.Build.0 = Release|Win32
		{164E9CDD-04CF-4CEB-BF7C-7E5F4CCD6EA7}.Release|Win32.Deploy.0 = Release|Win32
	EndGlobalSection
	GlobalSection(SolutionProperties) = preSolution
		HideSolutionNode = FALSE
	EndGlobalSection
EndGlobal
